{
  "name": "ironplc-opencode-integration",
  "version": "0.0.0",
  "lockfileVersion": 3,
  "requires": true,
  "packages": {
    "": {
      "name": "ironplc-opencode-integration",
      "version": "0.0.0",
      "devDependencies": {
        "opencode-ai": "1.17.3"
      }
    },
    "node_modules/opencode-ai": {
      "version": "1.17.3",
      "resolved": "https://registry.npmjs.org/opencode-ai/-/opencode-ai-1.17.3.tgz",
      "integrity": "sha512-qDVuXvEZyG0BaRDPkRowJDYO2MBMVCcN2ik/b3EMiKfDi+GgE/a5sVgbfLh8SDcgAml/CsQXiBxJlQ5BR5zK/w==",
      "cpu": [
        "arm64",
        "x64"
      ],
      "dev": true,
      "hasInstallScript": true,
      "license": "MIT",
      "os": [
        "darwin",
        "linux",
        "win32"
      ],
      "bin": {
        "opencode": "bin/opencode.exe"
      },
      "optionalDependencies": {
        "opencode-darwin-arm64": "1.17.3",
        "opencode-darwin-x64": "1.17.3",
        "opencode-darwin-x64-baseline": "1.17.3",
        "opencode-linux-arm64": "1.17.3",
        "opencode-linux-arm64-musl": "1.17.3",
        "opencode-linux-x64": "1.17.3",
        "opencode-linux-x64-baseline": "1.17.3",
        "opencode-linux-x64-baseline-musl": "1.17.3",
        "opencode-linux-x64-musl": "1.17.3",
        "opencode-windows-arm64": "1.17.3",
        "opencode-windows-x64": "1.17.3",
        "opencode-windows-x64-baseline": "1.17.3"
      }
    },
    "node_modules/opencode-darwin-arm64": {
      "version": "1.17.3",
      "resolved": "https://registry.npmjs.org/opencode-darwin-arm64/-/opencode-darwin-arm64-1.17.3.tgz",
      "integrity": "sha512-iWpuA42yjTR57cF+AmL1sCmgteDiGwYwiwuIECnSjDZ7/xYFJ2EVXgqo6oiq9n9xpfrkVQ/O/4M2HgpuTnPHQQ==",
      "cpu": [
        "arm64"
      ],
      "dev": true,
      "optional": true,
      "os": [
        "darwin"
      ]
    },
    "node_modules/opencode-darwin-x64": {
      "version": "1.17.3",
      "resolved": "https://registry.npmjs.org/opencode-darwin-x64/-/opencode-darwin-x64-1.17.3.tgz",
      "integrity": "sha512-niuSX34c4/B0RhXFF8cqTA6NDscXkGpoIOX+hSPGtbEBkaUTjQfLZJENxzcVWzNkhRnE3PDvmBwiuK3pM6TOtw==",
      "cpu": [
        "x64"
      ],
      "dev": true,
      "optional": true,
      "os": [
        "darwin"
      ]
    },
    "node_modules/opencode-darwin-x64-baseline": {
      "version": "1.17.3",
      "resolved": "https://registry.npmjs.org/opencode-darwin-x64-baseline/-/opencode-darwin-x64-baseline-1.17.3.tgz",
      "integrity": "sha512-kCBsUGKOYjHux4maJrMQLBuL7j0doM+JsyBsx5lqomM+WqgkBIZVZNsLEI0VI5YZcBLP9t+nt8DvGG2ZTldVhQ==",
      "cpu": [
        "x64"
      ],
      "dev": true,
      "optional": true,
      "os": [
        "darwin"
      ]
    },
    "node_modules/opencode-linux-arm64": {
      "version": "1.17.3",
      "resolved": "https://registry.npmjs.org/opencode-linux-arm64/-/opencode-linux-arm64-1.17.3.tgz",
      "integrity": "sha512-PlAzlQn9HNO9RVhpgxJ1EFZpiEBm40hTLRXbLXm0lq30v5+7FihrR46WeqmZUsKnhOGeU4SQOk5r6s7IDpsTeQ==",
      "cpu": [
        "arm64"
      ],
      "dev": true,
      "optional": true,
      "os": [
        "linux"
      ]
    },
    "node_modules/opencode-linux-arm64-musl": {
      "version": "1.17.3",
      "resolved": "https://registry.npmjs.org/opencode-linux-arm64-musl/-/opencode-linux-arm64-musl-1.17.3.tgz",
      "integrity": "sha512-jP+O+cmT/93i2BAJhpndupwT2CsHQTep44Q0yuIbFM336LOBqDQSYd7hsYJw/oZqhT5hjfz8lO/K93tsn1Hc/w==",
      "cpu": [
        "arm64"
      ],
      "dev": true,
      "optional": true,
      "os": [
        "linux"
      ]
    },
    "node_modules/opencode-linux-x64": {
      "version": "1.17.3",
      "resolved": "https://registry.npmjs.org/opencode-linux-x64/-/opencode-linux-x64-1.17.3.tgz",
      "integrity": "sha512-Gqzaas0c2eBLf+gtsfmQ7gU/m3Aw3n+jE2GPhbKdk+YQS+6z9yBk372tfDPTnLnLs62Id5lK6h0QjvvyA/YulQ==",
      "cpu": [
        "x64"
      ],
      "dev": true,
      "optional": true,
      "os": [
        "linux"
      ]
    },
    "node_modules/opencode-linux-x64-baseline": {
      "version": "1.17.3",
      "resolved": "https://registry.npmjs.org/opencode-linux-x64-baseline/-/opencode-linux-x64-baseline-1.17.3.tgz",
      "integrity": "sha512-WA3zrMTQ7ixcjtxsT5yWSkiDCIsqS52aDT1TRZja9C9WPokFKJu4TVtm+bDx/4+p5TEMXz6+ADX0/MHlvUL69w==",
      "cpu": [
        "x64"
      ],
      "dev": true,
      "optional": true,
      "os": [
        "linux"
      ]
    },
    "node_modules/opencode-linux-x64-baseline-musl": {
      "version": "1.17.3",
      "resolved": "https://registry.npmjs.org/opencode-linux-x64-baseline-musl/-/opencode-linux-x64-baseline-musl-1.17.3.tgz",
      "integrity": "sha512-/qnYZfq2TQnoZmdISd4NDfa28/4y6pJmVtdhHZQjH9EQ7Lf4SNS7ItI1UihuppGrLREaXJrIISGLRS2f/fl7tw==",
      "cpu": [
        "x64"
      ],
      "dev": true,
      "optional": true,
      "os": [
        "linux"
      ]
    },
    "node_modules/opencode-linux-x64-musl": {
      "version": "1.17.3",
      "resolved": "https://registry.npmjs.org/opencode-linux-x64-musl/-/opencode-linux-x64-musl-1.17.3.tgz",
      "integrity": "sha512-njOraXzrXGttaJa09yWXjoaOAmkeRYr1IdosnNLOR1PDqD9P0qaH1eAH2HNzLEIdXLDvkFWJIl+TV3/De2j+Uw==",
      "cpu": [
        "x64"
      ],
      "dev": true,
      "optional": true,
      "os": [
        "linux"
      ]
    },
    "node_modules/opencode-windows-arm64": {
      "version": "1.17.3",
      "resolved": "https://registry.npmjs.org/opencode-windows-arm64/-/opencode-windows-arm64-1.17.3.tgz",
      "integrity": "sha512-1vjNVOxJAz6lFQK2OKbbzZC3eofW1L6V48m0Xb4sw7PH0uDAC0JNEDwvQJrqfvCfDk5TferPCY7M5I5hir7dZg==",
      "cpu": [
        "arm64"
      ],
      "dev": true,
      "optional": true,
      "os": [
        "win32"
      ]
    },
    "node_modules/opencode-windows-x64": {
      "version": "1.17.3",
      "resolved": "https://registry.npmjs.org/opencode-windows-x64/-/opencode-windows-x64-1.17.3.tgz",
      "integrity": "sha512-YoZibuge6pgdmIiO7kVPwOWEHMb8+fHc8kNTpMVrGM3x22KMtH2emt5iMYDo2ERb5mkPSrL9rPfmJuTxy6NWBw==",
      "cpu": [
        "x64"
      ],
      "dev": true,
      "optional": true,
      "os": [
        "win32"
      ]
    },
    "node_modules/opencode-windows-x64-baseline": {
      "version": "1.17.3",
      "resolved": "https://registry.npmjs.org/opencode-windows-x64-baseline/-/opencode-windows-x64-baseline-1.17.3.tgz",
      "integrity": "sha512-IqRJ2LlZdgVf5tGk1UvXbjE3DYFePM7XmFD227OZn0WNgQ4d+chvzDvnUpB7phiYuWqhcJOProHgb7mp1cNaJA==",
      "cpu": [
        "x64"
      ],
      "dev": true,
      "optional": true,
      "os": [
        "win32"
      ]
    }
  }
}
