{
  "name": "ironplc-docs",
  "lockfileVersion": 3,
  "requires": true,
  "packages": {
    "": {
      "name": "ironplc-docs",
      "devDependencies": {
        "jscpd": "5.0.16"
      }
    },
    "node_modules/jscpd": {
      "version": "5.0.16",
      "resolved": "https://registry.npmjs.org/jscpd/-/jscpd-5.0.16.tgz",
      "integrity": "sha512-TiQ4zKtKeldep6UswXFHjVCDhVdLBaJyQcZjhCSzVOmKpT6HBj0jUZiphP1vK1X3VSSuzwcfifJVNpsOIiwRCg==",
      "dev": true,
      "license": "MIT",
      "bin": {
        "jscpd": "run-jscpd.js"
      },
      "engines": {
        "node": ">=18"
      },
      "optionalDependencies": {
        "jscpd-darwin-arm64": "5.0.16",
        "jscpd-darwin-x64": "5.0.16",
        "jscpd-linux-arm64-gnu": "5.0.16",
        "jscpd-linux-x64-gnu": "5.0.16",
        "jscpd-linux-x64-musl": "5.0.16",
        "jscpd-windows-x64-msvc": "5.0.16"
      }
    },
    "node_modules/jscpd-darwin-arm64": {
      "version": "5.0.16",
      "resolved": "https://registry.npmjs.org/jscpd-darwin-arm64/-/jscpd-darwin-arm64-5.0.16.tgz",
      "integrity": "sha512-Tu6OAg3Rp6m7LCZqOtPViJxYGTKXTLrI/xMyjEKe79N9L7GpbI3XhgotGDpoE+PjLRbgJgGhRKbkKK18FPySmQ==",
      "cpu": [
        "arm64"
      ],
      "dev": true,
      "license": "MIT",
      "optional": true,
      "os": [
        "darwin"
      ]
    },
    "node_modules/jscpd-darwin-x64": {
      "version": "5.0.16",
      "resolved": "https://registry.npmjs.org/jscpd-darwin-x64/-/jscpd-darwin-x64-5.0.16.tgz",
      "integrity": "sha512-3btQ1aG8K7+9rvJjyaRJRcSBD0DvHgZOUVlecjnyO99FYzMvdFREq67UIl5CAXFeYf5EY8TSorCMZQxL6TBD0w==",
      "cpu": [
        "x64"
      ],
      "dev": true,
      "license": "MIT",
      "optional": true,
      "os": [
        "darwin"
      ]
    },
    "node_modules/jscpd-linux-arm64-gnu": {
      "version": "5.0.16",
      "resolved": "https://registry.npmjs.org/jscpd-linux-arm64-gnu/-/jscpd-linux-arm64-gnu-5.0.16.tgz",
      "integrity": "sha512-L1F9CNHxRPqGJCKgGRA4gtZcESACFkS2lgfPgWn9fG+4CkiewLcYyy/oxrafJJL1/PPTQ24sbLuzPaKUxJuvuw==",
      "cpu": [
        "arm64"
      ],
      "dev": true,
      "license": "MIT",
      "optional": true,
      "os": [
        "linux"
      ]
    },
    "node_modules/jscpd-linux-x64-gnu": {
      "version": "5.0.16",
      "resolved": "https://registry.npmjs.org/jscpd-linux-x64-gnu/-/jscpd-linux-x64-gnu-5.0.16.tgz",
      "integrity": "sha512-BruP+sAr0+6QsEQZvOkgcS+xR23y4s1hLA0xfkcO1zFFXdnmQdJ4w23/U8VlPwqO2dFRaAEseYEXjHs5oQQGFw==",
      "cpu": [
        "x64"
      ],
      "dev": true,
      "license": "MIT",
      "optional": true,
      "os": [
        "linux"
      ]
    },
    "node_modules/jscpd-linux-x64-musl": {
      "version": "5.0.16",
      "resolved": "https://registry.npmjs.org/jscpd-linux-x64-musl/-/jscpd-linux-x64-musl-5.0.16.tgz",
      "integrity": "sha512-T36RtMnF695Y1/T3cLEhgvspHdKoiF+oxK/lklGJWriLieImZolSOjGXsecW2bp7MNMMGlqLLRzr2RNgnwy+Hg==",
      "cpu": [
        "x64"
      ],
      "dev": true,
      "license": "MIT",
      "optional": true,
      "os": [
        "linux"
      ]
    },
    "node_modules/jscpd-windows-x64-msvc": {
      "version": "5.0.16",
      "resolved": "https://registry.npmjs.org/jscpd-windows-x64-msvc/-/jscpd-windows-x64-msvc-5.0.16.tgz",
      "integrity": "sha512-BcrY18r6uje+TjgBKdFZJz6qfAAh9QT24KZYZk+jk6tuIKOYIm6oRMeQEu3Tzr/len9ZethN2h1bKmv+EfHcGw==",
      "cpu": [
        "x64"
      ],
      "dev": true,
      "license": "MIT",
      "optional": true,
      "os": [
        "win32"
      ]
    }
  }
}
